GIT
  remote: https://github.com/MaisonetteWorld/paperclip.git
  revision: 0f289f73a95fdb2d0d0c214473795c21151d0a4c
  ref: 0f289f73a95fdb2d0d0c214473795c21151d0a4c
  specs:
    paperclip (5.3.0)
      activemodel (>= 4.2.0)
      activesupport (>= 4.2.0)
      mime-types
      mimemagic (~> 0.3.0)
      terrapin (~> 0.6.0)

GIT
  remote: https://github.com/MaisonetteWorld/solidus_paypal_braintree.git
  revision: 0c25485aa3ba5421351c286d04f2fea407217a7c
  ref: 0c25485aa3ba5421351c286d04f2fea407217a7c
  specs:
    solidus_paypal_braintree (1.0.0)
      activemerchant (~> 1.48)
      braintree (~> 2.65)
      solidus_api (>= 2.0.0, < 4)
      solidus_core (>= 2.0.0, < 4)
      solidus_support (>= 0.8.1, < 1)

GIT
  remote: https://github.com/boomerdigital/solidus_avatax_certified.git
  revision: b116b41152a1651273c4a20eb0ed21cfde8debc7
  ref: b116b41152a1651273c4a20eb0ed21cfde8debc7
  specs:
    solidus_avatax_certified (3.0.0)
      avatax-ruby
      deface (~> 1.5)
      json (~> 2.0)
      logging (~> 2.0)
      solidus_core (>= 2.3.0, < 4)
      solidus_support (>= 0.8.0, < 1)

GIT
  remote: https://github.com/solidusio-contrib/solidus_sale_prices.git
  revision: 9bf5ab9243ec0dd1b2a655c8cf3e7d0eb31851eb
  ref: 9bf5ab9243ec0dd1b2a655c8cf3e7d0eb31851eb
  specs:
    solidus_sale_prices (1.4.0)
      deface (~> 1.0)
      discard
      solidus_api (>= 1.0, < 4)
      solidus_backend (>= 1.0, < 4)
      solidus_core (>= 1.0, < 4)
      solidus_support (~> 0.5)

GEM
  remote: https://rubygems.org/
  specs:
    actioncable (6.0.3.6)
      actionpack (= 6.0.3.6)
      nio4r (~> 2.0)
      websocket-driver (>= 0.6.1)
    actionmailbox (6.0.3.6)
      actionpack (= 6.0.3.6)
      activejob (= 6.0.3.6)
      activerecord (= 6.0.3.6)
      activestorage (= 6.0.3.6)
      activesupport (= 6.0.3.6)
      mail (>= 2.7.1)
    actionmailer (6.0.3.6)
      actionpack (= 6.0.3.6)
      actionview (= 6.0.3.6)
      activejob (= 6.0.3.6)
      mail (~> 2.5, >= 2.5.4)
      rails-dom-testing (~> 2.0)
    actionpack (6.0.3.6)
      actionview (= 6.0.3.6)
      activesupport (= 6.0.3.6)
      rack (~> 2.0, >= 2.0.8)
      rack-test (>= 0.6.3)
      rails-dom-testing (~> 2.0)
      rails-html-sanitizer (~> 1.0, >= 1.2.0)
    actiontext (6.0.3.6)
      actionpack (= 6.0.3.6)
      activerecord (= 6.0.3.6)
      activestorage (= 6.0.3.6)
      activesupport (= 6.0.3.6)
      nokogiri (>= 1.8.5)
    actionview (6.0.3.6)
      activesupport (= 6.0.3.6)
      builder (~> 3.1)
      erubi (~> 1.4)
      rails-dom-testing (~> 2.0)
      rails-html-sanitizer (~> 1.1, >= 1.2.0)
    active_record-postgres-constraints (0.2.1)
      pg
      rails (>= 5.0, <= 7.0)
    activejob (6.0.3.6)
      activesupport (= 6.0.3.6)
      globalid (>= 0.3.6)
    activemerchant (1.95.0)
      activesupport (>= 4.2)
      builder (>= 2.1.2, < 4.0.0)
      i18n (>= 0.6.9)
      nokogiri (~> 1.4)
    activemodel (6.0.3.6)
      activesupport (= 6.0.3.6)
    activerecord (6.0.3.6)
      activemodel (= 6.0.3.6)
      activesupport (= 6.0.3.6)
    activerecord-session_store (2.0.0)
      actionpack (>= 5.2.4.1)
      activerecord (>= 5.2.4.1)
      multi_json (~> 1.11, >= 1.11.2)
      rack (>= 2.0.8, < 3)
      railties (>= 5.2.4.1)
    activestorage (6.0.3.6)
      actionpack (= 6.0.3.6)
      activejob (= 6.0.3.6)
      activerecord (= 6.0.3.6)
      marcel (~> 1.0.0)
    activesupport (6.0.3.6)
      concurrent-ruby (~> 1.0, >= 1.0.2)
      i18n (>= 0.7, < 2)
      minitest (~> 5.1)
      tzinfo (~> 1.1)
      zeitwerk (~> 2.2)
    acts_as_list (1.0.4)
      activerecord (>= 4.2)
    addressable (2.8.0)
      public_suffix (>= 2.0.2, < 5.0)
    afterpay (0.5.0)
      faraday (~> 1.0)
      faraday_middleware (~> 1.0)
      hashie (~> 4.0)
    algolia (2.0.4)
      faraday (>= 0.15, < 2.0)
      multi_json (~> 1.0)
      net-http-persistent
    algoliasearch-rails (2.0.0)
      algolia (< 3.0.0)
      json (>= 1.5.1)
    amazing_print (1.0.0)
    ast (2.4.0)
    autoprefixer-rails (9.6.1)
      execjs
    avatax-ruby (0.0.4)
      activesupport
      faraday
      faraday_middleware
    awesome_nested_set (3.3.1)
      activerecord (>= 4.0.0, < 7.0)
    aws-eventstream (1.0.2)
    aws-partitions (1.150.0)
    aws-sdk-core (3.48.3)
      aws-eventstream (~> 1.0, >= 1.0.2)
      aws-partitions (~> 1.0)
      aws-sigv4 (~> 1.1)
      jmespath (~> 1.0)
    aws-sdk-kms (1.16.0)
      aws-sdk-core (~> 3, >= 3.48.2)
      aws-sigv4 (~> 1.1)
    aws-sdk-s3 (1.36.0)
      aws-sdk-core (~> 3, >= 3.48.2)
      aws-sdk-kms (~> 1)
      aws-sigv4 (~> 1.0)
    aws-sigv4 (1.1.0)
      aws-eventstream (~> 1.0, >= 1.0.2)
    backports (3.15.0)
    bcrypt (3.1.16)
    benchmark-ips (2.9.1)
    bindex (0.5.0)
    binding_of_caller (0.8.0)
      debug_inspector (>= 0.0.1)
    bootsnap (1.4.9)
      msgpack (~> 1.0)
    braintree (2.96.0)
      builder (>= 2.0.0)
    brpoplpush-redis_script (0.1.2)
      concurrent-ruby (~> 1.0, >= 1.0.5)
      redis (>= 1.0, <= 5.0)
    builder (3.2.4)
    business_time (0.9.2)
      activesupport (>= 3.2.0)
      tzinfo
    cancancan (3.3.0)
    capybara (3.12.0)
      addressable
      mini_mime (>= 0.1.3)
      nokogiri (~> 1.8)
      rack (>= 1.6.0)
      rack-test (>= 0.6.3)
      regexp_parser (~> 1.2)
      xpath (~> 3.2)
    carmen (1.1.3)
      activesupport (>= 3.0.0)
    childprocess (0.9.0)
      ffi (~> 1.0, >= 1.0.11)
    chronic (0.10.2)
    climate_control (0.2.0)
    codecov (0.2.6)
      colorize
      json
      simplecov
    coderay (1.1.2)
    coffee-rails (5.0.0)
      coffee-script (>= 2.2.0)
      railties (>= 5.2.0)
    coffee-script (2.4.1)
      coffee-script-source
      execjs
    coffee-script-source (1.12.2)
    colorize (0.8.1)
    combine_pdf (1.0.16)
      ruby-rc4 (>= 0.1.5)
    concurrent-ruby (1.1.9)
    connection_pool (2.2.5)
    crack (0.4.3)
      safe_yaml (~> 1.0.0)
    crass (1.0.6)
    cucumber (3.1.2)
      builder (>= 2.1.2)
      cucumber-core (~> 3.2.0)
      cucumber-expressions (~> 6.0.1)
      cucumber-wire (~> 0.0.1)
      diff-lcs (~> 1.3)
      gherkin (~> 5.1.0)
      multi_json (>= 1.7.5, < 2.0)
      multi_test (>= 0.1.2)
    cucumber-core (3.2.1)
      backports (>= 3.8.0)
      cucumber-tag_expressions (~> 1.1.0)
      gherkin (~> 5.0)
    cucumber-expressions (6.0.1)
    cucumber-rails (2.0.0)
      capybara (>= 2.12, < 4)
      cucumber (>= 3.0.2, < 4)
      mime-types (>= 2.0, < 4)
      nokogiri (~> 1.8)
      railties (>= 4.2, < 7)
    cucumber-tag_expressions (1.1.1)
    cucumber-wire (0.0.1)
    dalli (2.7.10)
    data_migrate (6.6.0)
      rails (>= 5.0)
    database_cleaner (1.7.0)
    ddtrace (0.52.0)
      ffi (~> 1.0)
      msgpack
    dead_end (1.1.7)
    debug_inspector (0.0.3)
    deface (1.8.1)
      nokogiri (>= 1.6)
      polyglot
      rails (>= 5.2)
      rainbow (>= 2.1.0)
    derailed_benchmarks (2.1.0)
      benchmark-ips (~> 2)
      dead_end
      get_process_mem (~> 0)
      heapy (~> 0)
      memory_profiler (>= 0, < 2)
      mini_histogram (>= 0.3.0)
      rack (>= 1)
      rack-test
      rake (> 10, < 14)
      ruby-statistics (>= 2.1)
      thor (>= 0.19, < 2)
    devise (4.8.0)
      bcrypt (~> 3.0)
      orm_adapter (~> 0.1)
      railties (>= 4.1.0)
      responders
      warden (~> 1.2.3)
    devise-encryptable (0.2.0)
      devise (>= 2.1.0)
    diff-lcs (1.3)
    discard (1.1.0)
      activerecord (>= 4.2, < 7)
    docile (1.3.2)
    dogstatsd-ruby (4.7.0)
    domain_name (0.5.20190701)
      unf (>= 0.0.5, < 1.0.0)
    dotenv (2.7.6)
    dotenv-rails (2.7.6)
      dotenv (= 2.7.6)
      railties (>= 3.2)
    e2mmap (0.1.0)
    easypost (3.3.0)
    erubi (1.10.0)
    et-orbi (1.2.2)
      tzinfo
    ethon (0.12.0)
      ffi (>= 1.3.0)
    excon (0.71.0)
    execjs (2.7.0)
    factory_bot (4.11.1)
      activesupport (>= 3.0.0)
    fake_ftp (0.3.0)
    faraday (1.5.0)
      faraday-em_http (~> 1.0)
      faraday-em_synchrony (~> 1.0)
      faraday-excon (~> 1.1)
      faraday-httpclient (~> 1.0.1)
      faraday-net_http (~> 1.0)
      faraday-net_http_persistent (~> 1.1)
      faraday-patron (~> 1.0)
      multipart-post (>= 1.2, < 3)
      ruby2_keywords (>= 0.0.4)
    faraday-em_http (1.0.0)
    faraday-em_synchrony (1.0.0)
    faraday-excon (1.1.0)
    faraday-httpclient (1.0.1)
    faraday-net_http (1.0.1)
    faraday-net_http_persistent (1.1.0)
    faraday-patron (1.0.0)
    faraday_middleware (1.0.0)
      faraday (~> 1.0)
    ffaker (2.10.0)
    ffi (1.15.4)
    flipper (0.20.4)
    flipper-active_record (0.20.4)
      activerecord (>= 5.0, < 7)
      flipper (~> 0.20.4)
    flipper-ui (0.20.4)
      erubi (>= 1.0.0, < 2.0.0)
      flipper (~> 0.20.4)
      rack (>= 1.4, < 3)
      rack-protection (>= 1.5.3, < 2.2.0)
    fog-aws (3.5.2)
      fog-core (~> 2.1)
      fog-json (~> 1.1)
      fog-xml (~> 0.1)
      ipaddress (~> 0.8)
    fog-core (2.1.2)
      builder
      excon (~> 0.58)
      formatador (~> 0.2)
      mime-types
    fog-json (1.2.0)
      fog-core
      multi_json (~> 1.10)
    fog-xml (0.1.3)
      fog-core
      nokogiri (>= 1.5.11, < 2.0.0)
    font-awesome-rails (4.7.0.7)
      railties (>= 3.2, < 7)
    formatador (0.2.5)
    friendly_id (5.2.5)
      activerecord (>= 4.0.0)
    fugit (1.3.3)
      et-orbi (~> 1.1, >= 1.1.8)
      raabro (~> 1.1)
    get_process_mem (0.2.7)
      ffi (~> 1.0)
    gherkin (5.1.0)
    globalid (1.0.0)
      activesupport (>= 5.0)
    guard (2.15.0)
      formatador (>= 0.2.4)
      listen (>= 2.7, < 4.0)
      lumberjack (>= 1.0.12, < 2.0)
      nenv (~> 0.1)
      notiffany (~> 0.0)
      pry (>= 0.9.12)
      shellany (~> 0.0)
      thor (>= 0.18.1)
    guard-compat (1.2.1)
    guard-rspec (4.7.3)
      guard (~> 2.1)
      guard-compat (~> 1.1)
      rspec (>= 2.99.0, < 4.0)
    handlebars_assets (0.23.9)
      execjs (~> 2.0)
      sprockets (>= 2.0.0)
      tilt (>= 1.2)
    hashdiff (0.3.9)
    hashie (4.1.0)
    health_check (3.0.0)
      railties (>= 5.0)
    heapy (0.2.0)
      thor
    holidays (8.3.0)
    http-accept (1.7.0)
    http-cookie (1.0.4)
      domain_name (~> 0.5)
    httparty (0.17.3)
      mime-types (~> 3.0)
      multi_xml (>= 0.5.2)
    i18n (1.8.10)
      concurrent-ruby (~> 1.0)
    image_processing (1.12.1)
      mini_magick (>= 4.9.5, < 5)
      ruby-vips (>= 2.0.17, < 3)
    interactor (3.1.2)
    interception (0.5)
    ipaddress (0.8.3)
    jaro_winkler (1.5.4)
    jbuilder (2.9.1)
      activesupport (>= 4.2.0)
    jmespath (1.6.1)
    jquery-rails (4.4.0)
      rails-dom-testing (>= 1, < 3)
      railties (>= 4.2.0)
      thor (>= 0.14, < 2.0)
    json (2.3.1)
    jwt (2.2.2)
    kaminari (1.2.1)
      activesupport (>= 4.1.0)
      kaminari-actionview (= 1.2.1)
      kaminari-activerecord (= 1.2.1)
      kaminari-core (= 1.2.1)
    kaminari-actionview (1.2.1)
      actionview
      kaminari-core (= 1.2.1)
    kaminari-activerecord (1.2.1)
      activerecord
      kaminari-core (= 1.2.1)
    kaminari-core (1.2.1)
    launchy (2.4.3)
      addressable (~> 2.3)
    letter_opener (1.7.0)
      launchy (~> 2.2)
    letter_opener_web (1.3.4)
      actionmailer (>= 3.2)
      letter_opener (~> 1.0)
      railties (>= 3.2)
    listen (3.1.5)
      rb-fsevent (~> 0.9, >= 0.9.4)
      rb-inotify (~> 0.9, >= 0.9.7)
      ruby_dep (~> 1.2)
    little-plugger (1.1.4)
    logging (2.2.2)
      little-plugger (~> 1.1)
      multi_json (~> 1.10)
    lograge (0.11.2)
      actionpack (>= 4)
      activesupport (>= 4)
      railties (>= 4)
      request_store (~> 1.0)
    lograge-sql (1.3.1)
      activerecord (>= 4, < 7.0)
      lograge (~> 0.4)
    loofah (2.7.0)
      crass (~> 1.0.2)
      nokogiri (>= 1.5.9)
    lumberjack (1.0.13)
    mail (2.7.1)
      mini_mime (>= 0.1.1)
    marcel (1.0.2)
    measured (2.5.0)
      activesupport (>= 5.0)
    memory_profiler (1.0.0)
    method_source (0.9.2)
    mime-types (3.3.1)
      mime-types-data (~> 3.2015)
    mime-types-data (3.2021.0225)
    mimemagic (0.3.10)
      nokogiri (~> 1)
      rake
    mini_histogram (0.3.1)
    mini_magick (4.11.0)
    mini_mime (1.1.0)
    mini_portile2 (2.5.3)
    minitest (5.15.0)
    mock_redis (0.19.0)
    monetize (1.11.0)
      money (~> 6.12)
    money (6.16.0)
      i18n (>= 0.6.4, <= 2)
    msgpack (1.4.2)
    multi_json (1.15.0)
    multi_test (0.1.2)
    multi_xml (0.6.0)
    multipart-post (2.1.1)
    mustache (1.1.0)
    nenv (0.3.0)
    net-http-persistent (4.0.1)
      connection_pool (~> 2.2)
    netrc (0.11.0)
    nio4r (2.5.7)
    nokogiri (1.11.7)
      mini_portile2 (~> 2.5.0)
      racc (~> 1.4)
    nokogiri (1.11.7-x86_64-darwin)
      racc (~> 1.4)
    nokogiri (1.11.7-x86_64-linux)
      racc (~> 1.4)
    notiffany (0.1.1)
      nenv (~> 0.1)
      shellany (~> 0.0)
    oj (3.11.5)
    orm_adapter (0.5.0)
    parallel (1.19.2)
    parallel_tests (3.3.0)
      parallel
    paranoia (2.4.3)
      activerecord (>= 4.0, < 6.2)
    parser (2.6.5.0)
      ast (~> 2.4.0)
    pg (1.1.4)
    polyglot (0.3.5)
    prependers (0.1.1)
    pry (0.12.2)
      coderay (~> 1.1.0)
      method_source (~> 0.9.0)
    pry-rails (0.3.9)
      pry (>= 0.10.4)
    pry-rescue (1.5.0)
      interception (>= 0.5)
      pry (>= 0.12.0)
    pry-stack_explorer (0.4.9.3)
      binding_of_caller (>= 0.7)
      pry (>= 0.9.11)
    public_suffix (4.0.6)
    puma (4.3.8)
      nio4r (~> 2.0)
    raabro (1.1.6)
    racc (1.5.2)
    rack (2.2.3)
    rack-cors (1.0.5)
      rack (>= 1.6.0)
    rack-protection (2.1.0)
      rack
    rack-proxy (0.6.5)
      rack
    rack-test (1.1.0)
      rack (>= 1.0, < 3)
    rails (6.0.3.6)
      actioncable (= 6.0.3.6)
      actionmailbox (= 6.0.3.6)
      actionmailer (= 6.0.3.6)
      actionpack (= 6.0.3.6)
      actiontext (= 6.0.3.6)
      actionview (= 6.0.3.6)
      activejob (= 6.0.3.6)
      activemodel (= 6.0.3.6)
      activerecord (= 6.0.3.6)
      activestorage (= 6.0.3.6)
      activesupport (= 6.0.3.6)
      bundler (>= 1.3.0)
      railties (= 6.0.3.6)
      sprockets-rails (>= 2.0.0)
    rails-controller-testing (1.0.4)
      actionpack (>= 5.0.1.x)
      actionview (>= 5.0.1.x)
      activesupport (>= 5.0.1.x)
    rails-dom-testing (2.0.3)
      activesupport (>= 4.2.0)
      nokogiri (>= 1.6)
    rails-html-sanitizer (1.4.3)
      loofah (~> 2.3)
    railties (6.0.3.6)
      actionpack (= 6.0.3.6)
      activesupport (= 6.0.3.6)
      method_source
      rake (>= 0.8.7)
      thor (>= 0.20.3, < 2.0)
    rainbow (3.0.0)
    rake (13.0.3)
    ransack (2.4.1)
      activerecord (>= 5.2.4)
      activesupport (>= 5.2.4)
      i18n
    rb-fsevent (0.10.4)
    rb-inotify (0.10.1)
      ffi (~> 1.0)
    redis (4.5.1)
    regexp_parser (1.3.0)
    request_store (1.5.0)
      rack (>= 1.4)
    responders (3.0.1)
      actionpack (>= 5.0)
      railties (>= 5.0)
    rest-client (2.1.0)
      http-accept (>= 1.7.0, < 2.0)
      http-cookie (>= 1.0.2, < 2.0)
      mime-types (>= 1.16, < 4.0)
      netrc (~> 0.8)
    rest-client-components (1.5.0)
      rack (>= 1.0.1)
      rest-client (>= 1.6.0)
    restforce (5.0.5)
      faraday (>= 0.9.0, <= 2.0)
      faraday_middleware (>= 0.8.8, <= 2.0)
      hashie (>= 1.2.0, < 5.0)
      jwt (>= 1.5.6)
    retriable (3.1.2)
    rmagick (4.1.2)
    roo (2.8.3)
      nokogiri (~> 1)
      rubyzip (>= 1.3.0, < 3.0.0)
    rspec (3.8.0)
      rspec-core (~> 3.8.0)
      rspec-expectations (~> 3.8.0)
      rspec-mocks (~> 3.8.0)
    rspec-activemodel-mocks (1.1.0)
      activemodel (>= 3.0)
      activesupport (>= 3.0)
      rspec-mocks (>= 2.99, < 4.0)
    rspec-core (3.8.0)
      rspec-support (~> 3.8.0)
    rspec-expectations (3.8.2)
      diff-lcs (>= 1.2.0, < 2.0)
      rspec-support (~> 3.8.0)
    rspec-mocks (3.8.0)
      diff-lcs (>= 1.2.0, < 2.0)
      rspec-support (~> 3.8.0)
    rspec-rails (3.8.1)
      actionpack (>= 3.0)
      activesupport (>= 3.0)
      railties (>= 3.0)
      rspec-core (~> 3.8.0)
      rspec-expectations (~> 3.8.0)
      rspec-mocks (~> 3.8.0)
      rspec-support (~> 3.8.0)
    rspec-support (3.8.0)
    rspec_api_documentation (6.1.0)
      activesupport (>= 3.0.0)
      mustache (~> 1.0, >= 0.99.4)
      rspec (~> 3.0)
    rspec_junit_formatter (0.4.1)
      rspec-core (>= 2, < 4, != 2.12.0)
    rubocop (0.75.0)
      jaro_winkler (~> 1.5.1)
      parallel (~> 1.10)
      parser (>= 2.6)
      rainbow (>= 2.2.2, < 4.0)
      ruby-progressbar (~> 1.7)
      unicode-display_width (>= 1.4.0, < 1.7)
    rubocop-rails (2.4.0)
      rack (>= 1.1)
      rubocop (>= 0.72.0)
    rubocop-rspec (1.30.0)
      rubocop (>= 0.58.0)
    ruby-progressbar (1.10.1)
    ruby-rc4 (0.1.5)
    ruby-statistics (2.1.3)
    ruby-vips (2.1.4)
      ffi (~> 1.12)
    ruby2_keywords (0.0.4)
    ruby_dep (1.5.0)
    rubyzip (1.3.0)
    rufus-scheduler (3.6.0)
      fugit (~> 1.1, >= 1.1.6)
    safe_yaml (1.0.5)
    sass (3.7.4)
      sass-listen (~> 4.0.0)
    sass-listen (4.0.0)
      rb-fsevent (~> 0.9, >= 0.9.4)
      rb-inotify (~> 0.9, >= 0.9.7)
    sass-rails (5.1.0)
      railties (>= 5.2.0)
      sass (~> 3.1)
      sprockets (>= 2.8, < 4.0)
      sprockets-rails (>= 2.0, < 4.0)
      tilt (>= 1.1, < 3)
    sassc (2.4.0)
      ffi (~> 1.9)
    sassc-rails (2.1.2)
      railties (>= 4.0.0)
      sassc (>= 2.0)
      sprockets (> 3.0)
      sprockets-rails
      tilt
    scenic (1.6.0)
      activerecord (>= 4.0.0)
      railties (>= 4.0.0)
    seedbank (0.5.0)
      rake (>= 10.0)
    selenium-webdriver (3.141.0)
      childprocess (~> 0.5)
      rubyzip (~> 1.2, >= 1.2.2)
    sentry-rails (4.6.1)
      railties (>= 5.0)
      sentry-ruby-core (~> 4.6.0)
    sentry-ruby (4.6.1)
      concurrent-ruby (~> 1.0, >= 1.0.2)
      faraday (>= 1.0)
      sentry-ruby-core (= 4.6.1)
    sentry-ruby-core (4.6.1)
      concurrent-ruby
      faraday
    sentry-sidekiq (4.6.1)
      sentry-ruby-core (~> 4.6.0)
    shellany (0.0.1)
    shoulda-matchers (4.2.0)
      activesupport (>= 4.2.0)
    sidekiq (6.2.2)
      connection_pool (>= 2.2.2)
      rack (~> 2.0)
      redis (>= 4.2.0)
    sidekiq-datadog (0.6.0)
      dogstatsd-ruby (>= 4.2.0)
      sidekiq
    sidekiq-scheduler (3.0.0)
      redis (>= 3, < 5)
      rufus-scheduler (~> 3.2)
      sidekiq (>= 3)
      tilt (>= 1.4.0)
    sidekiq-unique-jobs (7.1.8)
      brpoplpush-redis_script (> 0.1.1, <= 2.0.0)
      concurrent-ruby (~> 1.0, >= 1.0.5)
      sidekiq (>= 5.0, < 8.0)
      thor (>= 0.20, < 3.0)
    simplecov (0.19.0)
      docile (~> 1.1)
      simplecov-html (~> 0.11)
    simplecov-html (0.12.2)
    site_prism (3.0.3)
      addressable (~> 2.5)
      capybara (>= 2.18, < 4.0)
    sitemap_generator (6.1.0)
      builder (~> 3.0)
    slack-notifier (2.3.2)
    solidus_afterpay (0.2.0)
      afterpay (~> 0.5.0)
      solidus_core (>= 2.0.0, < 4)
      solidus_support (~> 0.5)
    solidus_api (2.11.13)
      jbuilder (~> 2.8)
      kaminari-activerecord (~> 1.1)
      responders
      solidus_core (= 2.11.13)
    solidus_auth_devise (2.5.4)
      deface (~> 1.0)
      devise (~> 4.1)
      devise-encryptable (= 0.2.0)
      solidus_core (>= 2.6, < 4)
      solidus_support (~> 0.5)
    solidus_backend (2.11.13)
      autoprefixer-rails
      coffee-rails
      font-awesome-rails (~> 4.0)
      handlebars_assets (~> 0.23)
      jbuilder (~> 2.8)
      jquery-rails
      kaminari (~> 1.1)
      responders
      sassc-rails
      solidus_api (= 2.11.13)
      solidus_core (= 2.11.13)
    solidus_core (2.11.13)
      actionmailer (>= 5.2, < 6.2.x)
      actionpack (>= 5.2, < 6.2.x)
      actionview (>= 5.2, < 6.2.x)
      activejob (>= 5.2, < 6.2.x)
      activemerchant (~> 1.66)
      activemodel (>= 5.2, < 6.2.x)
      activerecord (>= 5.2, < 6.2.x)
      activesupport (>= 5.2, < 6.2.x)
      acts_as_list (< 2.0)
      awesome_nested_set (~> 3.3)
      cancancan (>= 2.2, < 4.0)
      carmen (~> 1.1.0)
      discard (~> 1.0)
      friendly_id (~> 5.0)
      image_processing (~> 1.10)
      kaminari-activerecord (~> 1.1)
      mini_magick (~> 4.10)
      monetize (~> 1.8)
      paperclip (>= 4.2)
      paranoia (~> 2.4)
      railties (>= 5.2, < 6.2.x)
      ransack (~> 2.0)
      state_machines-activerecord (~> 0.6)
    solidus_support (0.8.1)
    spring (2.0.2)
      activesupport (>= 4.2)
    spring-watcher-listen (2.0.1)
      listen (>= 2.7, < 4.0)
      spring (>= 1.2, < 3.0)
    sprockets (3.7.2)
      concurrent-ruby (~> 1.0)
      rack (> 1, < 3)
    sprockets-rails (3.2.2)
      actionpack (>= 4.0)
      activesupport (>= 4.0)
      sprockets (>= 3.0.0)
    stackprof (0.2.17)
    state_machines (0.5.0)
    state_machines-activemodel (0.8.0)
      activemodel (>= 5.1)
      state_machines (>= 0.5.0)
    state_machines-activerecord (0.8.0)
      activerecord (>= 5.1)
      state_machines-activemodel (>= 0.8.0)
    terrapin (0.6.0)
      climate_control (>= 0.0.3, < 1.0)
    thor (1.1.0)
    thread_safe (0.3.6)
    thwait (0.2.0)
      e2mmap
    tilt (2.0.10)
    timecop (0.9.1)
    turbolinks (5.2.0)
      turbolinks-source (~> 5.2)
    turbolinks-source (5.2.0)
    typhoeus (1.4.0)
      ethon (>= 0.9.0)
    tzinfo (1.2.10)
      thread_safe (~> 0.1)
    tzinfo-data (1.2020.4)
      tzinfo (>= 1.0.0)
    uglifier (4.1.20)
      execjs (>= 0.3.0, < 3)
    unf (0.1.4)
      unf_ext
    unf_ext (0.0.7.7)
    unicode-display_width (1.6.0)
    unicode-emoji (2.7.0)
      unicode-version (~> 1.0)
    unicode-version (1.0.0)
    vcr (5.0.0)
    warden (1.2.9)
      rack (>= 2.0.9)
    watir (6.16.5)
      regexp_parser (~> 1.2)
      selenium-webdriver (~> 3.6)
    web-console (3.7.0)
      actionview (>= 5.0)
      activemodel (>= 5.0)
      bindex (>= 0.4.0)
      railties (>= 5.0)
    webdrivers (4.5.0)
      nokogiri (~> 1.6)
      rubyzip (>= 1.3.0)
      selenium-webdriver (>= 3.0, < 4.0)
    webmock (3.5.1)
      addressable (>= 2.3.6)
      crack (>= 0.3.2)
      hashdiff
    websocket-driver (0.7.5)
      websocket-extensions (>= 0.1.0)
    websocket-extensions (0.1.5)
    wicked_pdf (1.4.0)
      activesupport
    with_advisory_lock (4.6.0)
      activerecord (>= 4.2)
    xpath (3.2.0)
      nokogiri (~> 1.8)
    zeitwerk (2.5.3)

PLATFORMS
  ruby
  x86_64-darwin
  x86_64-linux

DEPENDENCIES
  active_record-postgres-constraints
  activemerchant (= 1.95.0)
  activerecord-session_store
  algoliasearch-rails
  amazing_print
  autoprefixer-rails (= 9.6.1)
  avatax-ruby (= 0.0.4)
  awesome_nested_set (~> 3.3.0)
  aws-sdk-s3
  bootsnap (~> 1.4.9)
  braintree (= 2.96.0)
  business_time
  capybara
  chronic
  codecov
  coffee-rails (~> 5.0)
  combine_pdf (~> 1.0)
  cucumber-rails
  dalli (~> 2.7)
  data_migrate
  database_cleaner
  ddtrace (>= 0.51.0)
  deface
  derailed_benchmarks
  discard (= 1.1.0)
  dogstatsd-ruby
  dotenv-rails
  easypost (~> 3.0)
  factory_bot
  fake_ftp
  faraday_middleware (= 1.0)
  ffaker
  ffi (= 1.15.4)
  flipper-active_record
  flipper-ui
  fog-aws
  friendly_id (= 5.2.5)
  guard-rspec
  health_check (~> 3.0.0)
  holidays
  httparty
  interactor (~> 3.1)
  jbuilder (~> 2.9.1)
  json (= 2.3.1)
  letter_opener_web (~> 1.0)
  listen (>= 3.0.5, < 3.2)
  logging (= 2.2.2)
  lograge
  lograge-sql
  loofah (= 2.7.0)
  measured (~> 2.0)
  mock_redis
  oj
  paperclip!
  parallel_tests
  pg (>= 0.18, < 2.0)
  prependers
  pry-rails
  pry-rescue
  pry-stack_explorer
  puma (~> 4.3)
  rack-cors
  rack-proxy (~> 0.6.4)
  rails (= 6.0.3.6)
  rails-controller-testing
  rest-client (~> 2.1)
  rest-client-components
  restforce (~> 5.0.4)
  retriable
  rmagick
  roo (~> 2.8.0)
  rspec-activemodel-mocks
  rspec-rails
  rspec_api_documentation
  rspec_junit_formatter
  rubocop (= 0.75.0)
  rubocop-rails
  rubocop-rspec
  rubyzip (~> 1.3)
  sass-rails (~> 5.0)
  scenic
  seedbank
  selenium-webdriver
  sentry-rails
  sentry-ruby
  sentry-sidekiq
  shoulda-matchers
  sidekiq (~> 6.0)
  sidekiq-datadog
  sidekiq-scheduler (~> 3.0)
  sidekiq-unique-jobs (~> 7.1)
  site_prism
  sitemap_generator
  slack-notifier (~> 2.3)
  solidus_afterpay (~> 0.2.0)
  solidus_api (= 2.11.13)
  solidus_auth_devise
  solidus_avatax_certified!
  solidus_backend (= 2.11.13)
  solidus_core (= 2.11.13)
  solidus_paypal_braintree!
  solidus_sale_prices!
  spring
  spring-watcher-listen (~> 2.0.0)
  stackprof
  thwait (~> 0.2)
  timecop
  turbolinks (~> 5)
  typhoeus
  tzinfo-data
  uglifier (>= 1.3.0)
  unicode-emoji
  vcr
  watir
  web-console (>= 3.3.0)
  webdrivers (= 4.5.0)
  webmock
  wicked_pdf
  with_advisory_lock (~> 4.6.0)

RUBY VERSION
   ruby 2.7.5p203

BUNDLED WITH
   2.2.11
